
Microsoft Visual Studio Solution File, Format Version 12.00
# Visual Studio Version 16
VisualStudioVersion = 16.0.33529.622
MinimumVisualStudioVersion = 10.0.40219.1
Project("{F184B08F-C81C-45F6-A57F-5ABD9991F28F}") = "AppShutdown", "AppShutdown\AppShutdown.vbproj", "{07CCFDE3-DF7F-4E01-99E7-6A2A49C56773}"
EndProject
Global
	GlobalSection(SolutionConfigurationPlatforms) = preSolution
		Debug|Any CPU = Debug|Any CPU
		Release|Any CPU = Release|Any CPU
	EndGlobalSection
	GlobalSection(ProjectConfigurationPlatforms) = postSolution
		{07CCFDE3-DF7F-4E01-99E7-6A2A49C56773}.Debug|Any CPU.ActiveCfg = Debug|Any CPU
		{07CCFDE3-DF7F-4E01-99E7-6A2A49C56773}.Debug|Any CPU.Build.0 = Debug|Any CPU
		{07CCFDE3-DF7F-4E01-99E7-6A2A49C56773}.Release|Any CPU.ActiveCfg = Release|Any CPU
		{07CCFDE3-DF7F-4E01-99E7-6A2A49C56773}.Release|Any CPU.Build.0 = Release|Any CPU
	EndGlobalSection
	GlobalSection(SolutionProperties) = preSolution
		HideSolutionNode = FALSE
	EndGlobalSection
	GlobalSection(ExtensibilityGlobals) = postSolution
		SolutionGuid = {0A2C51C8-A77D-4F47-BD60-AE4605089EE0}
	EndGlobalSection
EndGlobal
